
Microsoft Visual Studio Solution File, Format Version 12.00
Project("{FAE04EC0-301F-11D3-BF4B-00C04F79EFBC}") = "DesignPatternsSampleApplication", "DesignPatternsSampleApplication\DesignPatternsSampleApplication.csproj", "{1A8E04E8-C4A9-4F62-9E10-78800DBDB7FC}"
EndProject
Project("{FAE04EC0-301F-11D3-BF4B-00C04F79EFBC}") = "Common", "Common\Common.csproj", "{6C35DFCA-EEAE-41AD-A5A9-798159F28F04}"
EndProject
Project("{FAE04EC0-301F-11D3-BF4B-00C04F79EFBC}") = "Api", "Api\Api.csproj", "{AB8E83CE-0A91-4339-9D68-9B5FBBFF09EB}"
EndProject
Project("{FAE04EC0-301F-11D3-BF4B-00C04F79EFBC}") = "NiceSpaceWeapons", "NiceSpaceWeapons\NiceSpaceWeapons.csproj", "{B591A0D2-BD7F-487C-A010-CAA5A57E1D14}"
EndProject
Global
	GlobalSection(SolutionConfigurationPlatforms) = preSolution
		Debug|Any CPU = Debug|Any CPU
		Release|Any CPU = Release|Any CPU
	EndGlobalSection
	GlobalSection(ProjectConfigurationPlatforms) = postSolution
		{1A8E04E8-C4A9-4F62-9E10-78800DBDB7FC}.Debug|Any CPU.ActiveCfg = Debug|Any CPU
		{1A8E04E8-C4A9-4F62-9E10-78800DBDB7FC}.Debug|Any CPU.Build.0 = Debug|Any CPU
		{1A8E04E8-C4A9-4F62-9E10-78800DBDB7FC}.Release|Any CPU.ActiveCfg = Release|Any CPU
		{1A8E04E8-C4A9-4F62-9E10-78800DBDB7FC}.Release|Any CPU.Build.0 = Release|Any CPU
		{6C35DFCA-EEAE-41AD-A5A9-798159F28F04}.Debug|Any CPU.ActiveCfg = Debug|Any CPU
		{6C35DFCA-EEAE-41AD-A5A9-798159F28F04}.Debug|Any CPU.Build.0 = Debug|Any CPU
		{6C35DFCA-EEAE-41AD-A5A9-798159F28F04}.Release|Any CPU.ActiveCfg = Release|Any CPU
		{6C35DFCA-EEAE-41AD-A5A9-798159F28F04}.Release|Any CPU.Build.0 = Release|Any CPU
		{AB8E83CE-0A91-4339-9D68-9B5FBBFF09EB}.Debug|Any CPU.ActiveCfg = Debug|Any CPU
		{AB8E83CE-0A91-4339-9D68-9B5FBBFF09EB}.Debug|Any CPU.Build.0 = Debug|Any CPU
		{AB8E83CE-0A91-4339-9D68-9B5FBBFF09EB}.Release|Any CPU.ActiveCfg = Release|Any CPU
		{AB8E83CE-0A91-4339-9D68-9B5FBBFF09EB}.Release|Any CPU.Build.0 = Release|Any CPU
		{B591A0D2-BD7F-487C-A010-CAA5A57E1D14}.Debug|Any CPU.ActiveCfg = Debug|Any CPU
		{B591A0D2-BD7F-487C-A010-CAA5A57E1D14}.Debug|Any CPU.Build.0 = Debug|Any CPU
		{B591A0D2-BD7F-487C-A010-CAA5A57E1D14}.Release|Any CPU.ActiveCfg = Release|Any CPU
		{B591A0D2-BD7F-487C-A010-CAA5A57E1D14}.Release|Any CPU.Build.0 = Release|Any CPU
	EndGlobalSection
EndGlobal
